
Microsoft Visual Studio Solution File, Format Version 12.00
# Visual Studio Version 17
VisualStudioVersion = 17.12.35506.116
MinimumVisualStudioVersion = 10.0.40219.1
Project("{9A19103F-16F7-4668-BE54-9A1E7A4F7556}") = "API", "AuctionWebApp\API.csproj", "{07459BEE-5A6C-4A3A-84A7-C9BEEAD586C8}"
EndProject
Project("{9A19103F-16F7-4668-BE54-9A1E7A4F7556}") = "WinFormsApp", "WinFormsApp1\WinFormsApp.csproj", "{FD7C6AE2-BFFA-431C-822F-A00386EB9998}"
EndProject
Project("{9A19103F-16F7-4668-BE54-9A1E7A4F7556}") = "WebApp", "WebApp\WebApp.csproj", "{D0283073-AC14-4584-B3D6-E8C67EF8C528}"
EndProject
Project("{9A19103F-16F7-4668-BE54-9A1E7A4F7556}") = "AuctionModels", "Model\AuctionModels.csproj", "{8D8048F7-683D-4BCD-BFD9-5E3968D2EF90}"
EndProject
Project("{FAE04EC0-301F-11D3-BF4B-00C04F79EFBC}") = "Services", "Services\Services.csproj", "{8E4AAA1B-B933-4F67-98D6-C9B6D86EE766}"
EndProject
Project("{FAE04EC0-301F-11D3-BF4B-00C04F79EFBC}") = "DataAccess", "DAO\DataAccess.csproj", "{9B955776-80A9-41D1-8142-5148BF876034}"
EndProject
Global
	GlobalSection(SolutionConfigurationPlatforms) = preSolution
		Debug|Any CPU = Debug|Any CPU
		Release|Any CPU = Release|Any CPU
	EndGlobalSection
	GlobalSection(ProjectConfigurationPlatforms) = postSolution
		{07459BEE-5A6C-4A3A-84A7-C9BEEAD586C8}.Debug|Any CPU.ActiveCfg = Debug|Any CPU
		{07459BEE-5A6C-4A3A-84A7-C9BEEAD586C8}.Debug|Any CPU.Build.0 = Debug|Any CPU
		{07459BEE-5A6C-4A3A-84A7-C9BEEAD586C8}.Release|Any CPU.ActiveCfg = Release|Any CPU
		{07459BEE-5A6C-4A3A-84A7-C9BEEAD586C8}.Release|Any CPU.Build.0 = Release|Any CPU
		{FD7C6AE2-BFFA-431C-822F-A00386EB9998}.Debug|Any CPU.ActiveCfg = Debug|Any CPU
		{FD7C6AE2-BFFA-431C-822F-A00386EB9998}.Debug|Any CPU.Build.0 = Debug|Any CPU
		{FD7C6AE2-BFFA-431C-822F-A00386EB9998}.Release|Any CPU.ActiveCfg = Release|Any CPU
		{FD7C6AE2-BFFA-431C-822F-A00386EB9998}.Release|Any CPU.Build.0 = Release|Any CPU
		{D0283073-AC14-4584-B3D6-E8C67EF8C528}.Debug|Any CPU.ActiveCfg = Debug|Any CPU
		{D0283073-AC14-4584-B3D6-E8C67EF8C528}.Debug|Any CPU.Build.0 = Debug|Any CPU
		{D0283073-AC14-4584-B3D6-E8C67EF8C528}.Release|Any CPU.ActiveCfg = Release|Any CPU
		{D0283073-AC14-4584-B3D6-E8C67EF8C528}.Release|Any CPU.Build.0 = Release|Any CPU
		{8D8048F7-683D-4BCD-BFD9-5E3968D2EF90}.Debug|Any CPU.ActiveCfg = Debug|Any CPU
		{8D8048F7-683D-4BCD-BFD9-5E3968D2EF90}.Debug|Any CPU.Build.0 = Debug|Any CPU
		{8D8048F7-683D-4BCD-BFD9-5E3968D2EF90}.Release|Any CPU.ActiveCfg = Release|Any CPU
		{8D8048F7-683D-4BCD-BFD9-5E3968D2EF90}.Release|Any CPU.Build.0 = Release|Any CPU
		{8E4AAA1B-B933-4F67-98D6-C9B6D86EE766}.Debug|Any CPU.ActiveCfg = Debug|Any CPU
		{8E4AAA1B-B933-4F67-98D6-C9B6D86EE766}.Debug|Any CPU.Build.0 = Debug|Any CPU
		{8E4AAA1B-B933-4F67-98D6-C9B6D86EE766}.Release|Any CPU.ActiveCfg = Release|Any CPU
		{8E4AAA1B-B933-4F67-98D6-C9B6D86EE766}.Release|Any CPU.Build.0 = Release|Any CPU
		{9B955776-80A9-41D1-8142-5148BF876034}.Debug|Any CPU.ActiveCfg = Debug|Any CPU
		{9B955776-80A9-41D1-8142-5148BF876034}.Debug|Any CPU.Build.0 = Debug|Any CPU
		{9B955776-80A9-41D1-8142-5148BF876034}.Release|Any CPU.ActiveCfg = Release|Any CPU
		{9B955776-80A9-41D1-8142-5148BF876034}.Release|Any CPU.Build.0 = Release|Any CPU
	EndGlobalSection
	GlobalSection(SolutionProperties) = preSolution
		HideSolutionNode = FALSE
	EndGlobalSection
	GlobalSection(ExtensibilityGlobals) = postSolution
		SolutionGuid = {F3992D51-57A2-4316-8C09-36268FAB7CE7}
	EndGlobalSection
EndGlobal
