
Microsoft Visual Studio Solution File, Format Version 12.00
# Visual Studio Version 17
VisualStudioVersion = 17.11.35327.3
MinimumVisualStudioVersion = 10.0.40219.1
Project("{9A19103F-16F7-4668-BE54-9A1E7A4F7556}") = "EmployeeApp", "EmployeeApp.csproj", "{23D13689-DCFB-4AFA-961F-BE5F19CF03BB}"
EndProject
Project("{9A19103F-16F7-4668-BE54-9A1E7A4F7556}") = "AuctionWebApp", "AuctionWebApp\AuctionWebApp.csproj", "{9262138D-0179-4D72-BFC7-2E105F383C3B}"
EndProject
Project("{FAE04EC0-301F-11D3-BF4B-00C04F79EFBC}") = "WindowsForms", "WindowsForms\WindowsForms.csproj", "{DB030AA4-01FF-41DF-87EE-DC109FF16043}"
EndProject
Global
	GlobalSection(SolutionConfigurationPlatforms) = preSolution
		Debug|Any CPU = Debug|Any CPU
		Release|Any CPU = Release|Any CPU
	EndGlobalSection
	GlobalSection(ProjectConfigurationPlatforms) = postSolution
		{23D13689-DCFB-4AFA-961F-BE5F19CF03BB}.Debug|Any CPU.ActiveCfg = Debug|Any CPU
		{23D13689-DCFB-4AFA-961F-BE5F19CF03BB}.Debug|Any CPU.Build.0 = Debug|Any CPU
		{23D13689-DCFB-4AFA-961F-BE5F19CF03BB}.Release|Any CPU.ActiveCfg = Release|Any CPU
		{23D13689-DCFB-4AFA-961F-BE5F19CF03BB}.Release|Any CPU.Build.0 = Release|Any CPU
		{9262138D-0179-4D72-BFC7-2E105F383C3B}.Debug|Any CPU.ActiveCfg = Debug|Any CPU
		{9262138D-0179-4D72-BFC7-2E105F383C3B}.Debug|Any CPU.Build.0 = Debug|Any CPU
		{9262138D-0179-4D72-BFC7-2E105F383C3B}.Release|Any CPU.ActiveCfg = Release|Any CPU
		{9262138D-0179-4D72-BFC7-2E105F383C3B}.Release|Any CPU.Build.0 = Release|Any CPU
		{DB030AA4-01FF-41DF-87EE-DC109FF16043}.Debug|Any CPU.ActiveCfg = Debug|Any CPU
		{DB030AA4-01FF-41DF-87EE-DC109FF16043}.Debug|Any CPU.Build.0 = Debug|Any CPU
		{DB030AA4-01FF-41DF-87EE-DC109FF16043}.Release|Any CPU.ActiveCfg = Release|Any CPU
		{DB030AA4-01FF-41DF-87EE-DC109FF16043}.Release|Any CPU.Build.0 = Release|Any CPU
	EndGlobalSection
	GlobalSection(SolutionProperties) = preSolution
		HideSolutionNode = FALSE
	EndGlobalSection
	GlobalSection(ExtensibilityGlobals) = postSolution
		SolutionGuid = {BDA6D6EF-D06C-4610-93A9-C7754E9DE801}
	EndGlobalSection
EndGlobal
